
Microsoft Visual Studio Solution File, Format Version 12.00
# Visual Studio Version 17
VisualStudioVersion = 17.8.34408.163
MinimumVisualStudioVersion = 10.0.40219.1
Project("{FAE04EC0-301F-11D3-BF4B-00C04F79EFBC}") = "EntityFramework", "EntityFramework.csproj", "{68F076EB-2041-4811-8A16-840650CB2393}"
EndProject
Project("{FAE04EC0-301F-11D3-BF4B-00C04F79EFBC}") = "DBFirstPractice", "DBFirstPractice\DBFirstPractice.csproj", "{6D2EC3D4-93D0-42DE-B886-EE22D562198D}"
EndProject
Project("{FAE04EC0-301F-11D3-BF4B-00C04F79EFBC}") = "DbFirst", "DBFirst\DbFirst.csproj", "{A05BB803-7054-4867-BB59-DFC92FA95558}"
EndProject
Project("{FAE04EC0-301F-11D3-BF4B-00C04F79EFBC}") = "CodeFirstApproachIntro", "CodeFirstApproachIntro\CodeFirstApproachIntro.csproj", "{5C4BE867-B09E-4427-8DBA-D3DE7076418E}"
EndProject
Project("{FAE04EC0-301F-11D3-BF4B-00C04F79EFBC}") = "ExerciseDBFirst", "ExerciseDBFirst\ExerciseDBFirst.csproj", "{59E55A11-B905-4182-BF93-142227ECA93E}"
EndProject
Project("{FAE04EC0-301F-11D3-BF4B-00C04F79EFBC}") = "CodeFirst", "CodeFirst\CodeFirst.csproj", "{B8A654BD-62B0-4206-AB59-F6717ABF1659}"
EndProject
Project("{FAE04EC0-301F-11D3-BF4B-00C04F79EFBC}") = "CodeFirstWithExistingDB", "CodeFirstWithExistingDB\CodeFirstWithExistingDB.csproj", "{D2BF130B-D8B8-47B4-9F5D-055A580F079F}"
EndProject
Project("{FAE04EC0-301F-11D3-BF4B-00C04F79EFBC}") = "DataAnnotation", "DataAnnotation\DataAnnotation.csproj", "{274EB583-B06D-43CA-8BF1-EAC6EEEF4B70}"
EndProject
Project("{FAE04EC0-301F-11D3-BF4B-00C04F79EFBC}") = "FluentAPI", "FluentAPI\FluentAPI.csproj", "{D5EC4CC5-80B5-427A-8B49-C0630B980C97}"
EndProject
Global
	GlobalSection(SolutionConfigurationPlatforms) = preSolution
		Debug|Any CPU = Debug|Any CPU
		Release|Any CPU = Release|Any CPU
	EndGlobalSection
	GlobalSection(ProjectConfigurationPlatforms) = postSolution
		{68F076EB-2041-4811-8A16-840650CB2393}.Debug|Any CPU.ActiveCfg = Debug|Any CPU
		{68F076EB-2041-4811-8A16-840650CB2393}.Debug|Any CPU.Build.0 = Debug|Any CPU
		{68F076EB-2041-4811-8A16-840650CB2393}.Release|Any CPU.ActiveCfg = Release|Any CPU
		{68F076EB-2041-4811-8A16-840650CB2393}.Release|Any CPU.Build.0 = Release|Any CPU
		{6D2EC3D4-93D0-42DE-B886-EE22D562198D}.Debug|Any CPU.ActiveCfg = Debug|Any CPU
		{6D2EC3D4-93D0-42DE-B886-EE22D562198D}.Debug|Any CPU.Build.0 = Debug|Any CPU
		{6D2EC3D4-93D0-42DE-B886-EE22D562198D}.Release|Any CPU.ActiveCfg = Release|Any CPU
		{6D2EC3D4-93D0-42DE-B886-EE22D562198D}.Release|Any CPU.Build.0 = Release|Any CPU
		{A05BB803-7054-4867-BB59-DFC92FA95558}.Debug|Any CPU.ActiveCfg = Debug|Any CPU
		{A05BB803-7054-4867-BB59-DFC92FA95558}.Debug|Any CPU.Build.0 = Debug|Any CPU
		{A05BB803-7054-4867-BB59-DFC92FA95558}.Release|Any CPU.ActiveCfg = Release|Any CPU
		{A05BB803-7054-4867-BB59-DFC92FA95558}.Release|Any CPU.Build.0 = Release|Any CPU
		{5C4BE867-B09E-4427-8DBA-D3DE7076418E}.Debug|Any CPU.ActiveCfg = Debug|Any CPU
		{5C4BE867-B09E-4427-8DBA-D3DE7076418E}.Debug|Any CPU.Build.0 = Debug|Any CPU
		{5C4BE867-B09E-4427-8DBA-D3DE7076418E}.Release|Any CPU.ActiveCfg = Release|Any CPU
		{5C4BE867-B09E-4427-8DBA-D3DE7076418E}.Release|Any CPU.Build.0 = Release|Any CPU
		{59E55A11-B905-4182-BF93-142227ECA93E}.Debug|Any CPU.ActiveCfg = Debug|Any CPU
		{59E55A11-B905-4182-BF93-142227ECA93E}.Debug|Any CPU.Build.0 = Debug|Any CPU
		{59E55A11-B905-4182-BF93-142227ECA93E}.Release|Any CPU.ActiveCfg = Release|Any CPU
		{59E55A11-B905-4182-BF93-142227ECA93E}.Release|Any CPU.Build.0 = Release|Any CPU
		{B8A654BD-62B0-4206-AB59-F6717ABF1659}.Debug|Any CPU.ActiveCfg = Debug|Any CPU
		{B8A654BD-62B0-4206-AB59-F6717ABF1659}.Debug|Any CPU.Build.0 = Debug|Any CPU
		{B8A654BD-62B0-4206-AB59-F6717ABF1659}.Release|Any CPU.ActiveCfg = Release|Any CPU
		{B8A654BD-62B0-4206-AB59-F6717ABF1659}.Release|Any CPU.Build.0 = Release|Any CPU
		{D2BF130B-D8B8-47B4-9F5D-055A580F079F}.Debug|Any CPU.ActiveCfg = Debug|Any CPU
		{D2BF130B-D8B8-47B4-9F5D-055A580F079F}.Debug|Any CPU.Build.0 = Debug|Any CPU
		{D2BF130B-D8B8-47B4-9F5D-055A580F079F}.Release|Any CPU.ActiveCfg = Release|Any CPU
		{D2BF130B-D8B8-47B4-9F5D-055A580F079F}.Release|Any CPU.Build.0 = Release|Any CPU
		{274EB583-B06D-43CA-8BF1-EAC6EEEF4B70}.Debug|Any CPU.ActiveCfg = Debug|Any CPU
		{274EB583-B06D-43CA-8BF1-EAC6EEEF4B70}.Debug|Any CPU.Build.0 = Debug|Any CPU
		{274EB583-B06D-43CA-8BF1-EAC6EEEF4B70}.Release|Any CPU.ActiveCfg = Release|Any CPU
		{274EB583-B06D-43CA-8BF1-EAC6EEEF4B70}.Release|Any CPU.Build.0 = Release|Any CPU
		{D5EC4CC5-80B5-427A-8B49-C0630B980C97}.Debug|Any CPU.ActiveCfg = Debug|Any CPU
		{D5EC4CC5-80B5-427A-8B49-C0630B980C97}.Debug|Any CPU.Build.0 = Debug|Any CPU
		{D5EC4CC5-80B5-427A-8B49-C0630B980C97}.Release|Any CPU.ActiveCfg = Release|Any CPU
		{D5EC4CC5-80B5-427A-8B49-C0630B980C97}.Release|Any CPU.Build.0 = Release|Any CPU
	EndGlobalSection
	GlobalSection(SolutionProperties) = preSolution
		HideSolutionNode = FALSE
	EndGlobalSection
	GlobalSection(ExtensibilityGlobals) = postSolution
		SolutionGuid = {09D81DC1-F14D-4FB6-AA13-A85504553143}
	EndGlobalSection
EndGlobal
